{
  "name": "npm-resolution-bug",
  "version": "1.0.0",
  "lockfileVersion": 1,
  "requires": true,
  "dependencies": {
    "@fe/pack1": {
      "version": "file:packages/pack1",
      "requires": {
        "@fe/pack2": "file:packages/pack2-module"
      },
      "dependencies": {
        "@fe/pack2": {
          "version": "file:packages/pack2-module"
        }
      }
    },
    "@fe/pack2": {
      "version": "file:packages/pack2-module"
    }
  }
}
